PODS:
  - Alamofire (4.4.0)
  - Bolts (1.8.4):
    - Bolts/AppLinks (= 1.8.4)
    - Bolts/Tasks (= 1.8.4)
  - Bolts/AppLinks (1.8.4):
    - Bolts/Tasks
  - Bolts/Tasks (1.8.4)
  - BRYXBanner (0.7.3)
  - CMPageControl (0.0.3)
  - CVCalendar (1.4.1)
  - FBSDKCoreKit (4.23.0):
    - Bolts (~> 1.7)
  - FBSDKLoginKit (4.23.0):
    - FBSDKCoreKit
  - Firebase (4.0.2):
    - Firebase/Core (= 4.0.2)
  - Firebase/Auth (4.0.2):
    - Firebase/Core
    - FirebaseAuth (= 4.0.0)
  - Firebase/Core (4.0.2):
    - FirebaseAnalytics (= 4.0.1)
    - FirebaseCore (= 4.0.2)
  - Firebase/Database (4.0.2):
    - Firebase/Core
    - FirebaseDatabase (= 4.0.0)
  - FirebaseAnalytics (4.0.1):
    - FirebaseCore (~> 4.0)
    - FirebaseInstanceID (~> 2.0)
    - GoogleToolboxForMac/NSData+zlib (~> 2.1)
  - FirebaseAuth (4.0.0):
    - FirebaseAnalytics (~> 4.0)
    - GoogleToolboxForMac/NSDictionary+URLArguments (~> 2.1)
    - GTMSessionFetcher/Core (~> 1.1)
  - FirebaseCore (4.0.2):
    - GoogleToolboxForMac/NSData+zlib (~> 2.1)
  - FirebaseDatabase (4.0.0):
    - FirebaseAnalytics (~> 4.0)
  - FirebaseInstanceID (2.0.0):
    - FirebaseCore (~> 4.0)
  - FirebaseUtils (0.1.0)
  - FSCalendar (2.7.8)
  - GoogleMaps (2.3.0):
    - GoogleMaps/Maps (= 2.3.0)
  - GoogleMaps/Base (2.3.0)
  - GoogleMaps/Maps (2.3.0):
    - GoogleMaps/Base
  - GooglePlacePicker (2.3.0):
    - GoogleMaps (= 2.3.0)
    - GooglePlaces (= 2.3.0)
  - GooglePlaces (2.3.0):
    - GoogleMaps/Base (= 2.3.0)
  - GoogleToolboxForMac/DebugUtils (2.1.1):
    - GoogleToolboxForMac/Defines (= 2.1.1)
  - GoogleToolboxForMac/Defines (2.1.1)
  - GoogleToolboxForMac/NSData+zlib (2.1.1):
    - GoogleToolboxForMac/Defines (= 2.1.1)
  - GoogleToolboxForMac/NSDictionary+URLArguments (2.1.1):
    - GoogleToolboxForMac/DebugUtils (= 2.1.1)
    - GoogleToolboxForMac/Defines (= 2.1.1)
    - GoogleToolboxForMac/NSString+URLArguments (= 2.1.1)
  - GoogleToolboxForMac/NSString+URLArguments (2.1.1)
  - GTMSessionFetcher/Core (1.1.10)
  - IQKeyboardManagerSwift (4.0.10)
  - Kingfisher (3.10.1)
  - OneSignal (2.5.4)
  - ReachabilitySwift (3)
  - SwiftyStarRatingView (1.0.4)
  - TestFairy (1.9.2)
  - XMSegmentedControl (0.1.4)

DEPENDENCIES:
  - Alamofire (~> 4.0)
  - BRYXBanner (~> 0.7)
  - CMPageControl
  - CVCalendar (~> 1.4.1)
  - FBSDKCoreKit
  - FBSDKLoginKit
  - Firebase
  - Firebase/Auth
  - Firebase/Database
  - FirebaseUtils
  - FSCalendar
  - GooglePlacePicker
  - GooglePlaces
  - IQKeyboardManagerSwift
  - Kingfisher (~> 3.0)
  - OneSignal
  - ReachabilitySwift
  - SwiftyStarRatingView
  - TestFairy
  - XMSegmentedControl

SPEC CHECKSUMS:
  Alamofire: dc44b1600b800eb63da6a19039a0083d62a6a62d
  Bolts: 8a7995239dbe724f9cba2248b766d48b7ebdd322
  BRYXBanner: bd26a91cb8a5826a8bc7687891043d287dd3ee53
  CMPageControl: 63c66975d32b4f9e32634824dc62a3fa544e6767
  CVCalendar: 61912eb5dc39c3bcfe22a731147a559a696fbc15
  FBSDKCoreKit: d7829f5a69901cd7296105328e4c3c3fc7da6518
  FBSDKLoginKit: 6b92bd65f319d669d2b0730e49db495ef1660566
  Firebase: c7ad0731eab26d18a3fc547dd048b0f7cd9c63ae
  FirebaseAnalytics: 4d7040fefc3cd8b291cde35f12cf063d7963f15d
  FirebaseAuth: ebb6abcbabae00fc47446d690c19ce68d8484fde
  FirebaseCore: 1a8bf6c795ad07d2918278657954ffd2552e9c17
  FirebaseDatabase: d829b3a8c3e2ac7a16773c5df226966b0805dfc2
  FirebaseInstanceID: 9fbf536668f4d3f0880e7438456dabd1376e294b
  FirebaseUtils: 4921497f5e9a2cbf7500b78eaf518bc73518b340
  FSCalendar: 09369a2bf554ba71cd8e8cfb627e2df22a2c2af4
  GoogleMaps: 340a6a0bebd17c2db8abcd3921976c7c53c86cb8
  GooglePlacePicker: 80a6719aa4d06c63524a231d0ecd8f87e87d98c2
  GooglePlaces: 74d322c74184ea4576184089b496d291cf0dcd38
  GoogleToolboxForMac: 8e329f1b599f2512c6b10676d45736bcc2cbbeb0
  GTMSessionFetcher: 30d874b96d0d76028f61fbd122801e3f030d47db
  IQKeyboardManagerSwift: 75ba21a23794a1e6b6fe6d9a267ea17f80e06771
  Kingfisher: 33a1b82140fcb14a9fc13f78dfde2a03ff8de8cb
  OneSignal: da994bcf6a2efbdceaf71e389e1d05245c562899
  ReachabilitySwift: f5b9bb30a0777fac8f09ce8b067e32faeb29bb64
  SwiftyStarRatingView: a2b0057700e0adeb8e7442c55d99cb53b531d2f4
  TestFairy: 6cdc228df2f52f2314573bedb684125c20ba4ed5
  XMSegmentedControl: 51cf4f3daf14920692a064d9252aa7b29622dda6

PODFILE CHECKSUM: 329dd580fb0dc093d94971a6d4f3bbaf2390b3cf

COCOAPODS: 1.2.1
